
Microsoft Visual Studio Solution File, Format Version 12.00
# Visual Studio 15
Project("{FAE04EC0-301F-11D3-BF4B-00C04F79EFBC}") = "游戏框架SUIFW演示版本(2017)", "游戏框架SUIFW演示版本(2017).csproj", "{F2FBF955-9C20-5EEE-DBFE-70821AABECAF}"
EndProject
Global
	GlobalSection(SolutionConfigurationPlatforms) = preSolution
		Debug|Any CPU = Debug|Any CPU
		Release|Any CPU = Release|Any CPU
	EndGlobalSection
	GlobalSection(ProjectConfigurationPlatforms) = postSolution
		{F2FBF955-9C20-5EEE-DBFE-70821AABECAF}.Debug|Any CPU.ActiveCfg = Debug|Any CPU
		{F2FBF955-9C20-5EEE-DBFE-70821AABECAF}.Debug|Any CPU.Build.0 = Debug|Any CPU
		{F2FBF955-9C20-5EEE-DBFE-70821AABECAF}.Release|Any CPU.ActiveCfg = Release|Any CPU
		{F2FBF955-9C20-5EEE-DBFE-70821AABECAF}.Release|Any CPU.Build.0 = Release|Any CPU
	EndGlobalSection
	GlobalSection(SolutionProperties) = preSolution
		HideSolutionNode = FALSE
	EndGlobalSection
EndGlobal
